
Microsoft Visual Studio Solution File, Format Version 12.00
# Visual Studio 15
VisualStudioVersion = 15.0.27130.2024
MinimumVisualStudioVersion = 10.0.40219.1
Project("{E24C65DC-7377-472B-9ABA-BC803B73C61A}") = "Planbased", "Planbased\", "{217490FA-0461-46F9-A73E-F530D99D7F64}"
	ProjectSection(WebsiteProperties) = preProject
		TargetFrameworkMoniker = ".NETFramework,Version%3Dv4.6.1"
		Debug.AspNetCompiler.VirtualPath = "/localhost_50724"
		Debug.AspNetCompiler.PhysicalPath = "Planbased\"
		Debug.AspNetCompiler.TargetPath = "PrecompiledWeb\localhost_50724\"
		Debug.AspNetCompiler.Updateable = "true"
		Debug.AspNetCompiler.ForceOverwrite = "true"
		Debug.AspNetCompiler.FixedNames = "false"
		Debug.AspNetCompiler.Debug = "True"
		Release.AspNetCompiler.VirtualPath = "/localhost_50724"
		Release.AspNetCompiler.PhysicalPath = "Planbased\"
		Release.AspNetCompiler.TargetPath = "PrecompiledWeb\localhost_50724\"
		Release.AspNetCompiler.Updateable = "true"
		Release.AspNetCompiler.ForceOverwrite = "true"
		Release.AspNetCompiler.FixedNames = "false"
		Release.AspNetCompiler.Debug = "False"
		VWDPort = "50724"
		SlnRelativePath = "Planbased\"
		DefaultWebSiteLanguage = "Visual C#"
	EndProjectSection
EndProject
Global
	GlobalSection(SolutionConfigurationPlatforms) = preSolution
		Debug|Any CPU = Debug|Any CPU
	EndGlobalSection
	GlobalSection(ProjectConfigurationPlatforms) = postSolution
		{217490FA-0461-46F9-A73E-F530D99D7F64}.Debug|Any CPU.ActiveCfg = Debug|Any CPU
		{217490FA-0461-46F9-A73E-F530D99D7F64}.Debug|Any CPU.Build.0 = Debug|Any CPU
	EndGlobalSection
	GlobalSection(SolutionProperties) = preSolution
		HideSolutionNode = FALSE
	EndGlobalSection
	GlobalSection(ExtensibilityGlobals) = postSolution
		SolutionGuid = {2318E134-AA69-4A95-9B6B-61598CAE0E32}
	EndGlobalSection
EndGlobal
